schema: '2.0'
stages:
  data_ingestion:
    cmd: python src/data_ingestion.py
    deps:
    - path: src/data_ingestion.py
      hash: md5
      md5: 8632225c3a4a01e52d30635c9a15d190
      size: 3785
    params:
      params.yaml:
        data_ingestion.test_size: 0.45
    outs:
    - path: data/raw
      hash: md5
      md5: e2b35d9070086be174b7819838f412fb.dir
      size: 484846
      nfiles: 2
  data_preprocessing:
    cmd: python src/data_preprocessing.py
    deps:
    - path: data/raw
      hash: md5
      md5: e2b35d9070086be174b7819838f412fb.dir
      size: 484846
      nfiles: 2
    - path: src/data_preprocessing.py
      hash: md5
      md5: 4f2275a5eca0735b65b27f2be389ea70
      size: 4001
    outs:
    - path: data/interim
      hash: md5
      md5: 670c874bcd14a1c3f4a944a05cb15dc3.dir
      size: 264221
      nfiles: 2
  feature_engineering:
    cmd: python src/feature_engineering.py
    deps:
    - path: data/interim
      hash: md5
      md5: 670c874bcd14a1c3f4a944a05cb15dc3.dir
      size: 264221
      nfiles: 2
    - path: src/feature_engineering.py
      hash: md5
      md5: cf8448c21ab5f64a81b288de0c331814
      size: 3910
    params:
      params.yaml:
        feature_engineering.max_features: 22
    outs:
    - path: data/processed
      hash: md5
      md5: 45d455e3c1b063f1f3dd89764b31982d.dir
      size: 536965
      nfiles: 2
  model_building:
    cmd: python src/model_building.py
    deps:
    - path: data/processed
      hash: md5
      md5: 45d455e3c1b063f1f3dd89764b31982d.dir
      size: 536965
      nfiles: 2
    - path: src/model_building.py
      hash: md5
      md5: b8211d4fca24abd0f09602108ec58924
      size: 4423
    params:
      params.yaml:
        model_building.n_estimators: 23
        model_building.random_state: 6
    outs:
    - path: models/model.pkl
      hash: md5
      md5: 0358bcbe299c2f66571c9930f06f21a7
      size: 394029
  model_evaluation:
    cmd: python src/model_evaluation.py
    deps:
    - path: models/model.pkl
      hash: md5
      md5: 0358bcbe299c2f66571c9930f06f21a7
      size: 394029
    - path: src/model_evaluation.py
      hash: md5
      md5: 553abb63c25d201ab4732efe779df04d
      size: 4639
    outs:
    - path: reports/metrics.json
      hash: md5
      md5: ad2e32f3259b49fd67b3cd8c191ab877
      size: 145
